
Microsoft Visual Studio Solution File, Format Version 12.00
# Visual Studio Version 17
VisualStudioVersion = 17.5.002.0
MinimumVisualStudioVersion = 10.0.40219.1
Project("{FAE04EC0-301F-11D3-BF4B-00C04F79EFBC}") = "02-Including_Prompts", "SK_With_Prompts\02-Including_Prompts.csproj", "{55DC7394-B99A-48C2-A236-2AF9630A3E4C}"
EndProject
Project("{FAE04EC0-301F-11D3-BF4B-00C04F79EFBC}") = "01-Getting_Started", "Getting_Started\01-Getting_Started.csproj", "{8C0E926C-2A10-4980-B480-01A93629F7F9}"
EndProject
Global
	GlobalSection(SolutionConfigurationPlatforms) = preSolution
		Debug|Any CPU = Debug|Any CPU
		Release|Any CPU = Release|Any CPU
	EndGlobalSection
	GlobalSection(ProjectConfigurationPlatforms) = postSolution
		{55DC7394-B99A-48C2-A236-2AF9630A3E4C}.Debug|Any CPU.ActiveCfg = Debug|Any CPU
		{55DC7394-B99A-48C2-A236-2AF9630A3E4C}.Debug|Any CPU.Build.0 = Debug|Any CPU
		{55DC7394-B99A-48C2-A236-2AF9630A3E4C}.Release|Any CPU.ActiveCfg = Release|Any CPU
		{55DC7394-B99A-48C2-A236-2AF9630A3E4C}.Release|Any CPU.Build.0 = Release|Any CPU
		{8C0E926C-2A10-4980-B480-01A93629F7F9}.Debug|Any CPU.ActiveCfg = Debug|Any CPU
		{8C0E926C-2A10-4980-B480-01A93629F7F9}.Debug|Any CPU.Build.0 = Debug|Any CPU
		{8C0E926C-2A10-4980-B480-01A93629F7F9}.Release|Any CPU.ActiveCfg = Release|Any CPU
		{8C0E926C-2A10-4980-B480-01A93629F7F9}.Release|Any CPU.Build.0 = Release|Any CPU
	EndGlobalSection
	GlobalSection(SolutionProperties) = preSolution
		HideSolutionNode = FALSE
	EndGlobalSection
	GlobalSection(ExtensibilityGlobals) = postSolution
		SolutionGuid = {F8B399E3-EB20-45F2-A542-89E11128E67B}
	EndGlobalSection
EndGlobal
